// !$*UTF8*$!
{
	archiveVersion = 1;
	classes = {
	};
	objectVersion = 55;
	objects = {

/* Begin PBXBuildFile section */
		CA900AD127EF747C00E941BB /* BestMovieApp.swift in Sources */ = {isa = PBXBuildFile; fileRef = CA900AD027EF747C00E941BB /* BestMovieApp.swift */; };
		CA900AD527EF747E00E941BB /* Assets.xcassets in Resources */ = {isa = PBXBuildFile; fileRef = CA900AD427EF747E00E941BB /* Assets.xcassets */; };
		CA900AD827EF747E00E941BB /* Preview Assets.xcassets in Resources */ = {isa = PBXBuildFile; fileRef = CA900AD727EF747E00E941BB /* Preview Assets.xcassets */; };
		CA900AE427F0D80F00E941BB /* Movies.swift in Sources */ = {isa = PBXBuildFile; fileRef = CA900AE327F0D80F00E941BB /* Movies.swift */; };
		CA900AEE27F1F2B100E941BB /* MoviesVM.swift in Sources */ = {isa = PBXBuildFile; fileRef = CA900AED27F1F2B100E941BB /* MoviesVM.swift */; };
		CA900AF027F1F2E200E941BB /* MoviesView.swift in Sources */ = {isa = PBXBuildFile; fileRef = CA900AEF27F1F2E200E941BB /* MoviesView.swift */; };
		CA900AF227F2017700E941BB /* MovieDetailsView.swift in Sources */ = {isa = PBXBuildFile; fileRef = CA900AF127F2017700E941BB /* MovieDetailsView.swift */; };
		CA900AF427F205DE00E941BB /* MovieDetailsVM.swift in Sources */ = {isa = PBXBuildFile; fileRef = CA900AF327F205DE00E941BB /* MovieDetailsVM.swift */; };
		CA900AF627F206C900E941BB /* MovieDetails.swift in Sources */ = {isa = PBXBuildFile; fileRef = CA900AF527F206C900E941BB /* MovieDetails.swift */; };
		CA900AFB27F3046400E941BB /* LoadFromJson.swift in Sources */ = {isa = PBXBuildFile; fileRef = CA900AFA27F3046400E941BB /* LoadFromJson.swift */; };
		CA900AFD27F304A400E941BB /* MovieDetailsExample.json in Resources */ = {isa = PBXBuildFile; fileRef = CA900AFC27F304A400E941BB /* MovieDetailsExample.json */; };
		CA900B0327F309D200E941BB /* PopularMovieExample.json in Resources */ = {isa = PBXBuildFile; fileRef = CA900B0227F309D200E941BB /* PopularMovieExample.json */; };
		CA98722527F332A800F1F388 /* TrailerButtonView.swift in Sources */ = {isa = PBXBuildFile; fileRef = CA98722427F332A800F1F388 /* TrailerButtonView.swift */; };
		CA98722E27F43C0F00F1F388 /* MoviesRepository.swift in Sources */ = {isa = PBXBuildFile; fileRef = CA98722D27F43C0F00F1F388 /* MoviesRepository.swift */; };
		CA98723027F481BF00F1F388 /* JustifiedText.swift in Sources */ = {isa = PBXBuildFile; fileRef = CA98722F27F481BF00F1F388 /* JustifiedText.swift */; };
/* End PBXBuildFile section */

/* Begin PBXFileReference section */
		CA900ACD27EF747C00E941BB /* BestMovie.app */ = {isa = PBXFileReference; explicitFileType = wrapper.application; includeInIndex = 0; path = BestMovie.app; sourceTree = BUILT_PRODUCTS_DIR; };
		CA900AD027EF747C00E941BB /* BestMovieApp.swift */ = {isa = PBXFileReference; lastKnownFileType = sourcecode.swift; path = BestMovieApp.swift; sourceTree = "<group>"; };
		CA900AD427EF747E00E941BB /* Assets.xcassets */ = {isa = PBXFileReference; lastKnownFileType = folder.assetcatalog; path = Assets.xcassets; sourceTree = "<group>"; };
		CA900AD727EF747E00E941BB /* Preview Assets.xcassets */ = {isa = PBXFileReference; lastKnownFileType = folder.assetcatalog; path = "Preview Assets.xcassets"; sourceTree = "<group>"; };
		CA900AE327F0D80F00E941BB /* Movies.swift */ = {isa = PBXFileReference; lastKnownFileType = sourcecode.swift; path = Movies.swift; sourceTree = "<group>"; };
		CA900AED27F1F2B100E941BB /* MoviesVM.swift */ = {isa = PBXFileReference; lastKnownFileType = sourcecode.swift; path = MoviesVM.swift; sourceTree = "<group>"; };
		CA900AEF27F1F2E200E941BB /* MoviesView.swift */ = {isa = PBXFileReference; lastKnownFileType = sourcecode.swift; path = MoviesView.swift; sourceTree = "<group>"; };
		CA900AF127F2017700E941BB /* MovieDetailsView.swift */ = {isa = PBXFileReference; lastKnownFileType = sourcecode.swift; path = MovieDetailsView.swift; sourceTree = "<group>"; };
		CA900AF327F205DE00E941BB /* MovieDetailsVM.swift */ = {isa = PBXFileReference; lastKnownFileType = sourcecode.swift; path = MovieDetailsVM.swift; sourceTree = "<group>"; };
		CA900AF527F206C900E941BB /* MovieDetails.swift */ = {isa = PBXFileReference; lastKnownFileType = sourcecode.swift; path = MovieDetails.swift; sourceTree = "<group>"; };
		CA900AFA27F3046400E941BB /* LoadFromJson.swift */ = {isa = PBXFileReference; lastKnownFileType = sourcecode.swift; path = LoadFromJson.swift; sourceTree = "<group>"; };
		CA900AFC27F304A400E941BB /* MovieDetailsExample.json */ = {isa = PBXFileReference; lastKnownFileType = text.json; path = MovieDetailsExample.json; sourceTree = "<group>"; };
		CA900B0227F309D200E941BB /* PopularMovieExample.json */ = {isa = PBXFileReference; lastKnownFileType = text.json; path = PopularMovieExample.json; sourceTree = "<group>"; };
		CA98722427F332A800F1F388 /* TrailerButtonView.swift */ = {isa = PBXFileReference; lastKnownFileType = sourcecode.swift; path = TrailerButtonView.swift; sourceTree = "<group>"; };
		CA98722D27F43C0F00F1F388 /* MoviesRepository.swift */ = {isa = PBXFileReference; lastKnownFileType = sourcecode.swift; path = MoviesRepository.swift; sourceTree = "<group>"; };
		CA98722F27F481BF00F1F388 /* JustifiedText.swift */ = {isa = PBXFileReference; lastKnownFileType = sourcecode.swift; path = JustifiedText.swift; sourceTree = "<group>"; };
/* End PBXFileReference section */

/* Begin PBXFrameworksBuildPhase section */
		CA900ACA27EF747C00E941BB /* Frameworks */ = {
			isa = PBXFrameworksBuildPhase;
			buildActionMask = 2147483647;
			files = (
			);
			runOnlyForDeploymentPostprocessing = 0;
		};
/* End PBXFrameworksBuildPhase section */

/* Begin PBXGroup section */
		CA900AC427EF747C00E941BB = {
			isa = PBXGroup;
			children = (
				CA900ACF27EF747C00E941BB /* BestMovie */,
				CA900ACE27EF747C00E941BB /* Products */,
			);
			sourceTree = "<group>";
		};
		CA900ACE27EF747C00E941BB /* Products */ = {
			isa = PBXGroup;
			children = (
				CA900ACD27EF747C00E941BB /* BestMovie.app */,
			);
			name = Products;
			sourceTree = "<group>";
		};
		CA900ACF27EF747C00E941BB /* BestMovie */ = {
			isa = PBXGroup;
			children = (
				CA900AD027EF747C00E941BB /* BestMovieApp.swift */,
				CA98722F27F481BF00F1F388 /* JustifiedText.swift */,
				CA900AFA27F3046400E941BB /* LoadFromJson.swift */,
				CA900AFC27F304A400E941BB /* MovieDetailsExample.json */,
				CA900B0227F309D200E941BB /* PopularMovieExample.json */,
				CA98722C27F43BD200F1F388 /* Repository */,
				CA900AE127F0D7BE00E941BB /* Views */,
				CA900AE227F0D7CA00E941BB /* ViewModels */,
				CA900AE027F0D7B600E941BB /* Models */,
				CA900AD427EF747E00E941BB /* Assets.xcassets */,
				CA900AD627EF747E00E941BB /* Preview Content */,
			);
			path = BestMovie;
			sourceTree = "<group>";
		};
		CA900AD627EF747E00E941BB /* Preview Content */ = {
			isa = PBXGroup;
			children = (
				CA900AD727EF747E00E941BB /* Preview Assets.xcassets */,
			);
			path = "Preview Content";
			sourceTree = "<group>";
		};
		CA900AE027F0D7B600E941BB /* Models */ = {
			isa = PBXGroup;
			children = (
				CA900AE327F0D80F00E941BB /* Movies.swift */,
				CA900AF527F206C900E941BB /* MovieDetails.swift */,
			);
			path = Models;
			sourceTree = "<group>";
		};
		CA900AE127F0D7BE00E941BB /* Views */ = {
			isa = PBXGroup;
			children = (
				CA900AEF27F1F2E200E941BB /* MoviesView.swift */,
				CA900AF127F2017700E941BB /* MovieDetailsView.swift */,
				CA98722427F332A800F1F388 /* TrailerButtonView.swift */,
			);
			path = Views;
			sourceTree = "<group>";
		};
		CA900AE227F0D7CA00E941BB /* ViewModels */ = {
			isa = PBXGroup;
			children = (
				CA900AED27F1F2B100E941BB /* MoviesVM.swift */,
				CA900AF327F205DE00E941BB /* MovieDetailsVM.swift */,
			);
			path = ViewModels;
			sourceTree = "<group>";
		};
		CA98722C27F43BD200F1F388 /* Repository */ = {
			isa = PBXGroup;
			children = (
				CA98722D27F43C0F00F1F388 /* MoviesRepository.swift */,
			);
			path = Repository;
			sourceTree = "<group>";
		};
/* End PBXGroup section */

/* Begin PBXNativeTarget section */
		CA900ACC27EF747C00E941BB /* BestMovie */ = {
			isa = PBXNativeTarget;
			buildConfigurationList = CA900ADB27EF747E00E941BB /* Build configuration list for PBXNativeTarget "BestMovie" */;
			buildPhases = (
				CA900AC927EF747C00E941BB /* Sources */,
				CA900ACA27EF747C00E941BB /* Frameworks */,
				CA900ACB27EF747C00E941BB /* Resources */,
			);
			buildRules = (
			);
			dependencies = (
			);
			name = BestMovie;
			productName = BestMovie;
			productReference = CA900ACD27EF747C00E941BB /* BestMovie.app */;
			productType = "com.apple.product-type.application";
		};
/* End PBXNativeTarget section */

/* Begin PBXProject section */
		CA900AC527EF747C00E941BB /* Project object */ = {
			isa = PBXProject;
			attributes = {
				BuildIndependentTargetsInParallel = 1;
				LastSwiftUpdateCheck = 1320;
				LastUpgradeCheck = 1320;
				TargetAttributes = {
					CA900ACC27EF747C00E941BB = {
						CreatedOnToolsVersion = 13.2.1;
					};
				};
			};
			buildConfigurationList = CA900AC827EF747C00E941BB /* Build configuration list for PBXProject "BestMovie" */;
			compatibilityVersion = "Xcode 13.0";
			developmentRegion = en;
			hasScannedForEncodings = 0;
			knownRegions = (
				en,
				Base,
			);
			mainGroup = CA900AC427EF747C00E941BB;
			productRefGroup = CA900ACE27EF747C00E941BB /* Products */;
			projectDirPath = "";
			projectRoot = "";
			targets = (
				CA900ACC27EF747C00E941BB /* BestMovie */,
			);
		};
/* End PBXProject section */

/* Begin PBXResourcesBuildPhase section */
		CA900ACB27EF747C00E941BB /* Resources */ = {
			isa = PBXResourcesBuildPhase;
			buildActionMask = 2147483647;
			files = (
				CA900AFD27F304A400E941BB /* MovieDetailsExample.json in Resources */,
				CA900AD827EF747E00E941BB /* Preview Assets.xcassets in Resources */,
				CA900AD527EF747E00E941BB /* Assets.xcassets in Resources */,
				CA900B0327F309D200E941BB /* PopularMovieExample.json in Resources */,
			);
			runOnlyForDeploymentPostprocessing = 0;
		};
/* End PBXResourcesBuildPhase section */

/* Begin PBXSourcesBuildPhase section */
		CA900AC927EF747C00E941BB /* Sources */ = {
			isa = PBXSourcesBuildPhase;
			buildActionMask = 2147483647;
			files = (
				CA900AF427F205DE00E941BB /* MovieDetailsVM.swift in Sources */,
				CA900AF027F1F2E200E941BB /* MoviesView.swift in Sources */,
				CA900AF227F2017700E941BB /* MovieDetailsView.swift in Sources */,
				CA98722E27F43C0F00F1F388 /* MoviesRepository.swift in Sources */,
				CA900AD127EF747C00E941BB /* BestMovieApp.swift in Sources */,
				CA98723027F481BF00F1F388 /* JustifiedText.swift in Sources */,
				CA900AE427F0D80F00E941BB /* Movies.swift in Sources */,
				CA98722527F332A800F1F388 /* TrailerButtonView.swift in Sources */,
				CA900AEE27F1F2B100E941BB /* MoviesVM.swift in Sources */,
				CA900AF627F206C900E941BB /* MovieDetails.swift in Sources */,
				CA900AFB27F3046400E941BB /* LoadFromJson.swift in Sources */,
			);
			runOnlyForDeploymentPostprocessing = 0;
		};
/* End PBXSourcesBuildPhase section */

/* Begin XCBuildConfiguration section */
		CA900AD927EF747E00E941BB /* Debug */ = {
			isa = XCBuildConfiguration;
			buildSettings = {
				ALWAYS_SEARCH_USER_PATHS = NO;
				CLANG_ANALYZER_NONNULL = YES;
				CLANG_ANALYZER_NUMBER_OBJECT_CONVERSION = YES_AGGRESSIVE;
				CLANG_CXX_LANGUAGE_STANDARD = "gnu++17";
				CLANG_CXX_LIBRARY = "libc++";
				CLANG_ENABLE_MODULES = YES;
				CLANG_ENABLE_OBJC_ARC = YES;
				CLANG_ENABLE_OBJC_WEAK = YES;
				CLANG_WARN_BLOCK_CAPTURE_AUTORELEASING = YES;
				CLANG_WARN_BOOL_CONVERSION = YES;
				CLANG_WARN_COMMA = YES;
				CLANG_WARN_CONSTANT_CONVERSION = YES;
				CLANG_WARN_DEPRECATED_OBJC_IMPLEMENTATIONS = YES;
				CLANG_WARN_DIRECT_OBJC_ISA_USAGE = YES_ERROR;
				CLANG_WARN_DOCUMENTATION_COMMENTS = YES;
				CLANG_WARN_EMPTY_BODY = YES;
				CLANG_WARN_ENUM_CONVERSION = YES;
				CLANG_WARN_INFINITE_RECURSION = YES;
				CLANG_WARN_INT_CONVERSION = YES;
				CLANG_WARN_NON_LITERAL_NULL_CONVERSION = YES;
				CLANG_WARN_OBJC_IMPLICIT_RETAIN_SELF = YES;
				CLANG_WARN_OBJC_LITERAL_CONVERSION = YES;
				CLANG_WARN_OBJC_ROOT_CLASS = YES_ERROR;
				CLANG_WARN_QUOTED_INCLUDE_IN_FRAMEWORK_HEADER = YES;
				CLANG_WARN_RANGE_LOOP_ANALYSIS = YES;
				CLANG_WARN_STRICT_PROTOTYPES = YES;
				CLANG_WARN_SUSPICIOUS_MOVE = YES;
				CLANG_WARN_UNGUARDED_AVAILABILITY = YES_AGGRESSIVE;
				CLANG_WARN_UNREACHABLE_CODE = YES;
				CLANG_WARN__DUPLICATE_METHOD_MATCH = YES;
				COPY_PHASE_STRIP = NO;
				DEBUG_INFORMATION_FORMAT = dwarf;
				ENABLE_STRICT_OBJC_MSGSEND = YES;
				ENABLE_TESTABILITY = YES;
				GCC_C_LANGUAGE_STANDARD = gnu11;
				GCC_DYNAMIC_NO_PIC = NO;
				GCC_NO_COMMON_BLOCKS = YES;
				GCC_OPTIMIZATION_LEVEL = 0;
				GCC_PREPROCESSOR_DEFINITIONS = (
					"DEBUG=1",
					"$(inherited)",
				);
				GCC_WARN_64_TO_32_BIT_CONVERSION = YES;
				GCC_WARN_ABOUT_RETURN_TYPE = YES_ERROR;
				GCC_WARN_UNDECLARED_SELECTOR = YES;
				GCC_WARN_UNINITIALIZED_AUTOS = YES_AGGRESSIVE;
				GCC_WARN_UNUSED_FUNCTION = YES;
				GCC_WARN_UNUSED_VARIABLE = YES;
				IPHONEOS_DEPLOYMENT_TARGET = 15.2;
				MTL_ENABLE_DEBUG_INFO = INCLUDE_SOURCE;
				MTL_FAST_MATH = YES;
				ONLY_ACTIVE_ARCH = YES;
				SDKROOT = iphoneos;
				SWIFT_ACTIVE_COMPILATION_CONDITIONS = DEBUG;
				SWIFT_OPTIMIZATION_LEVEL = "-Onone";
			};
			name = Debug;
		};
		CA900ADA27EF747E00E941BB /* Release */ = {
			isa = XCBuildConfiguration;
			buildSettings = {
				ALWAYS_SEARCH_USER_PATHS = NO;
				CLANG_ANALYZER_NONNULL = YES;
				CLANG_ANALYZER_NUMBER_OBJECT_CONVERSION = YES_AGGRESSIVE;
				CLANG_CXX_LANGUAGE_STANDARD = "gnu++17";
				CLANG_CXX_LIBRARY = "libc++";
				CLANG_ENABLE_MODULES = YES;
				CLANG_ENABLE_OBJC_ARC = YES;
				CLANG_ENABLE_OBJC_WEAK = YES;
				CLANG_WARN_BLOCK_CAPTURE_AUTORELEASING = YES;
				CLANG_WARN_BOOL_CONVERSION = YES;
				CLANG_WARN_COMMA = YES;
				CLANG_WARN_CONSTANT_CONVERSION = YES;
				CLANG_WARN_DEPRECATED_OBJC_IMPLEMENTATIONS = YES;
				CLANG_WARN_DIRECT_OBJC_ISA_USAGE = YES_ERROR;
				CLANG_WARN_DOCUMENTATION_COMMENTS = YES;
				CLANG_WARN_EMPTY_BODY = YES;
				CLANG_WARN_ENUM_CONVERSION = YES;
				CLANG_WARN_INFINITE_RECURSION = YES;
				CLANG_WARN_INT_CONVERSION = YES;
				CLANG_WARN_NON_LITERAL_NULL_CONVERSION = YES;
				CLANG_WARN_OBJC_IMPLICIT_RETAIN_SELF = YES;
				CLANG_WARN_OBJC_LITERAL_CONVERSION = YES;
				CLANG_WARN_OBJC_ROOT_CLASS = YES_ERROR;
				CLANG_WARN_QUOTED_INCLUDE_IN_FRAMEWORK_HEADER = YES;
				CLANG_WARN_RANGE_LOOP_ANALYSIS = YES;
				CLANG_WARN_STRICT_PROTOTYPES = YES;
				CLANG_WARN_SUSPICIOUS_MOVE = YES;
				CLANG_WARN_UNGUARDED_AVAILABILITY = YES_AGGRESSIVE;
				CLANG_WARN_UNREACHABLE_CODE = YES;
				CLANG_WARN__DUPLICATE_METHOD_MATCH = YES;
				COPY_PHASE_STRIP = NO;
				DEBUG_INFORMATION_FORMAT = "dwarf-with-dsym";
				ENABLE_NS_ASSERTIONS = NO;
				ENABLE_STRICT_OBJC_MSGSEND = YES;
				GCC_C_LANGUAGE_STANDARD = gnu11;
				GCC_NO_COMMON_BLOCKS = YES;
				GCC_WARN_64_TO_32_BIT_CONVERSION = YES;
				GCC_WARN_ABOUT_RETURN_TYPE = YES_ERROR;
				GCC_WARN_UNDECLARED_SELECTOR = YES;
				GCC_WARN_UNINITIALIZED_AUTOS = YES_AGGRESSIVE;
				GCC_WARN_UNUSED_FUNCTION = YES;
				GCC_WARN_UNUSED_VARIABLE = YES;
				IPHONEOS_DEPLOYMENT_TARGET = 15.2;
				MTL_ENABLE_DEBUG_INFO = NO;
				MTL_FAST_MATH = YES;
				SDKROOT = iphoneos;
				SWIFT_COMPILATION_MODE = wholemodule;
				SWIFT_OPTIMIZATION_LEVEL = "-O";
				VALIDATE_PRODUCT = YES;
			};
			name = Release;
		};
		CA900ADC27EF747E00E941BB /* Debug */ = {
			isa = XCBuildConfiguration;
			buildSettings = {
				ASSETCATALOG_COMPILER_APPICON_NAME = AppIcon;
				ASSETCATALOG_COMPILER_GLOBAL_ACCENT_COLOR_NAME = AccentColor;
				CODE_SIGN_STYLE = Automatic;
				CURRENT_PROJECT_VERSION = 1;
				DEVELOPMENT_ASSET_PATHS = "\"BestMovie/Preview Content\"";
				DEVELOPMENT_TEAM = 3SQYF6L285;
				ENABLE_PREVIEWS = YES;
				GENERATE_INFOPLIST_FILE = YES;
				INFOPLIST_KEY_UIApplicationSceneManifest_Generation = YES;
				INFOPLIST_KEY_UIApplicationSupportsIndirectInputEvents = YES;
				INFOPLIST_KEY_UILaunchScreen_Generation = YES;
				INFOPLIST_KEY_UISupportedInterfaceOrientations_iPad = "UIInterfaceOrientationPortrait UIInterfaceOrientationPortraitUpsideDown UIInterfaceOrientationLandscapeLeft UIInterfaceOrientationLandscapeRight";
				INFOPLIST_KEY_UISupportedInterfaceOrientations_iPhone = "UIInterfaceOrientationPortrait UIInterfaceOrientationLandscapeLeft UIInterfaceOrientationLandscapeRight";
				LD_RUNPATH_SEARCH_PATHS = (
					"$(inherited)",
					"@executable_path/Frameworks",
				);
				MARKETING_VERSION = 1.0;
				PRODUCT_BUNDLE_IDENTIFIER = fr.maxime.point.BestMovie;
				PRODUCT_NAME = "$(TARGET_NAME)";
				SWIFT_EMIT_LOC_STRINGS = YES;
				SWIFT_VERSION = 5.0;
				TARGETED_DEVICE_FAMILY = "1,2";
			};
			name = Debug;
		};
		CA900ADD27EF747E00E941BB /* Release */ = {
			isa = XCBuildConfiguration;
			buildSettings = {
				ASSETCATALOG_COMPILER_APPICON_NAME = AppIcon;
				ASSETCATALOG_COMPILER_GLOBAL_ACCENT_COLOR_NAME = AccentColor;
				CODE_SIGN_STYLE = Automatic;
				CURRENT_PROJECT_VERSION = 1;
				DEVELOPMENT_ASSET_PATHS = "\"BestMovie/Preview Content\"";
				DEVELOPMENT_TEAM = 3SQYF6L285;
				ENABLE_PREVIEWS = YES;
				GENERATE_INFOPLIST_FILE = YES;
				INFOPLIST_KEY_UIApplicationSceneManifest_Generation = YES;
				INFOPLIST_KEY_UIApplicationSupportsIndirectInputEvents = YES;
				INFOPLIST_KEY_UILaunchScreen_Generation = YES;
				INFOPLIST_KEY_UISupportedInterfaceOrientations_iPad = "UIInterfaceOrientationPortrait UIInterfaceOrientationPortraitUpsideDown UIInterfaceOrientationLandscapeLeft UIInterfaceOrientationLandscapeRight";
				INFOPLIST_KEY_UISupportedInterfaceOrientations_iPhone = "UIInterfaceOrientationPortrait UIInterfaceOrientationLandscapeLeft UIInterfaceOrientationLandscapeRight";
				LD_RUNPATH_SEARCH_PATHS = (
					"$(inherited)",
					"@executable_path/Frameworks",
				);
				MARKETING_VERSION = 1.0;
				PRODUCT_BUNDLE_IDENTIFIER = fr.maxime.point.BestMovie;
				PRODUCT_NAME = "$(TARGET_NAME)";
				SWIFT_EMIT_LOC_STRINGS = YES;
				SWIFT_VERSION = 5.0;
				TARGETED_DEVICE_FAMILY = "1,2";
			};
			name = Release;
		};
/* End XCBuildConfiguration section */

/* Begin XCConfigurationList section */
		CA900AC827EF747C00E941BB /* Build configuration list for PBXProject "BestMovie" */ = {
			isa = XCConfigurationList;
			buildConfigurations = (
				CA900AD927EF747E00E941BB /* Debug */,
				CA900ADA27EF747E00E941BB /* Release */,
			);
			defaultConfigurationIsVisible = 0;
			defaultConfigurationName = Release;
		};
		CA900ADB27EF747E00E941BB /* Build configuration list for PBXNativeTarget "BestMovie" */ = {
			isa = XCConfigurationList;
			buildConfigurations = (
				CA900ADC27EF747E00E941BB /* Debug */,
				CA900ADD27EF747E00E941BB /* Release */,
			);
			defaultConfigurationIsVisible = 0;
			defaultConfigurationName = Release;
		};
/* End XCConfigurationList section */
	};
	rootObject = CA900AC527EF747C00E941BB /* Project object */;
}
